
Microsoft Visual Studio Solution File, Format Version 12.00
# Visual Studio Version 17
VisualStudioVersion = 17.7.34202.233
MinimumVisualStudioVersion = 10.0.40219.1
Project("{FAE04EC0-301F-11D3-BF4B-00C04F79EFBC}") = "MobileNumberProject", "MobileNumberProject\MobileNumberProject.csproj", "{D4134D83-CCD6-412C-8153-23F6EE42E173}"
EndProject
Global
	GlobalSection(SolutionConfigurationPlatforms) = preSolution
		Debug|Any CPU = Debug|Any CPU
		Release|Any CPU = Release|Any CPU
	EndGlobalSection
	GlobalSection(ProjectConfigurationPlatforms) = postSolution
		{D4134D83-CCD6-412C-8153-23F6EE42E173}.Debug|Any CPU.ActiveCfg = Debug|Any CPU
		{D4134D83-CCD6-412C-8153-23F6EE42E173}.Debug|Any CPU.Build.0 = Debug|Any CPU
		{D4134D83-CCD6-412C-8153-23F6EE42E173}.Release|Any CPU.ActiveCfg = Release|Any CPU
		{D4134D83-CCD6-412C-8153-23F6EE42E173}.Release|Any CPU.Build.0 = Release|Any CPU
	EndGlobalSection
	GlobalSection(SolutionProperties) = preSolution
		HideSolutionNode = FALSE
	EndGlobalSection
	GlobalSection(ExtensibilityGlobals) = postSolution
		SolutionGuid = {AA46A0CF-6579-4349-898D-90AB492838EB}
	EndGlobalSection
EndGlobal
